// !$*UTF8*$!
{
	archiveVersion = 1;
	classes = {
	};
	objectVersion = 50;
	objects = {

/* Begin PBXBuildFile section */
		3F7AE4DD241EE4BB0002B17C /* GigDetailViewController.swift in Sources */ = {isa = PBXBuildFile; fileRef = 3F7AE4DC241EE4BB0002B17C /* GigDetailViewController.swift */; };
		3FD370D0241DA47000362590 /* AppDelegate.swift in Sources */ = {isa = PBXBuildFile; fileRef = 3FD370CF241DA47000362590 /* AppDelegate.swift */; };
		3FD370D2241DA47000362590 /* SceneDelegate.swift in Sources */ = {isa = PBXBuildFile; fileRef = 3FD370D1241DA47000362590 /* SceneDelegate.swift */; };
		3FD370D7241DA47000362590 /* Main.storyboard in Resources */ = {isa = PBXBuildFile; fileRef = 3FD370D5241DA47000362590 /* Main.storyboard */; };
		3FD370D9241DA47400362590 /* Assets.xcassets in Resources */ = {isa = PBXBuildFile; fileRef = 3FD370D8241DA47400362590 /* Assets.xcassets */; };
		3FD370DC241DA47400362590 /* LaunchScreen.storyboard in Resources */ = {isa = PBXBuildFile; fileRef = 3FD370DA241DA47400362590 /* LaunchScreen.storyboard */; };
		3FD370E4241DA4FB00362590 /* GigsTableViewController.swift in Sources */ = {isa = PBXBuildFile; fileRef = 3FD370E3241DA4FB00362590 /* GigsTableViewController.swift */; };
		3FD370E6241DA6DA00362590 /* LoginViewController.swift in Sources */ = {isa = PBXBuildFile; fileRef = 3FD370E5241DA6DA00362590 /* LoginViewController.swift */; };
		3FD370E8241DA7F700362590 /* Bearer.swift in Sources */ = {isa = PBXBuildFile; fileRef = 3FD370E7241DA7F700362590 /* Bearer.swift */; };
		3FD370EA241DA82E00362590 /* User.swift in Sources */ = {isa = PBXBuildFile; fileRef = 3FD370E9241DA82E00362590 /* User.swift */; };
		3FD370EC241DA86900362590 /* GigController.swift in Sources */ = {isa = PBXBuildFile; fileRef = 3FD370EB241DA86900362590 /* GigController.swift */; };
/* End PBXBuildFile section */

/* Begin PBXFileReference section */
		3F7AE4DC241EE4BB0002B17C /* GigDetailViewController.swift */ = {isa = PBXFileReference; lastKnownFileType = sourcecode.swift; path = GigDetailViewController.swift; sourceTree = "<group>"; };
		3FD370CC241DA47000362590 /* Gigs.app */ = {isa = PBXFileReference; explicitFileType = wrapper.application; includeInIndex = 0; path = Gigs.app; sourceTree = BUILT_PRODUCTS_DIR; };
		3FD370CF241DA47000362590 /* AppDelegate.swift */ = {isa = PBXFileReference; lastKnownFileType = sourcecode.swift; path = AppDelegate.swift; sourceTree = "<group>"; };
		3FD370D1241DA47000362590 /* SceneDelegate.swift */ = {isa = PBXFileReference; lastKnownFileType = sourcecode.swift; path = SceneDelegate.swift; sourceTree = "<group>"; };
		3FD370D6241DA47000362590 /* Base */ = {isa = PBXFileReference; lastKnownFileType = file.storyboard; name = Base; path = Base.lproj/Main.storyboard; sourceTree = "<group>"; };
		3FD370D8241DA47400362590 /* Assets.xcassets */ = {isa = PBXFileReference; lastKnownFileType = folder.assetcatalog; path = Assets.xcassets; sourceTree = "<group>"; };
		3FD370DB241DA47400362590 /* Base */ = {isa = PBXFileReference; lastKnownFileType = file.storyboard; name = Base; path = Base.lproj/LaunchScreen.storyboard; sourceTree = "<group>"; };
		3FD370DD241DA47400362590 /* Info.plist */ = {isa = PBXFileReference; lastKnownFileType = text.plist.xml; path = Info.plist; sourceTree = "<group>"; };
		3FD370E3241DA4FB00362590 /* GigsTableViewController.swift */ = {isa = PBXFileReference; lastKnownFileType = sourcecode.swift; path = GigsTableViewController.swift; sourceTree = "<group>"; };
		3FD370E5241DA6DA00362590 /* LoginViewController.swift */ = {isa = PBXFileReference; lastKnownFileType = sourcecode.swift; path = LoginViewController.swift; sourceTree = "<group>"; };
		3FD370E7241DA7F700362590 /* Bearer.swift */ = {isa = PBXFileReference; lastKnownFileType = sourcecode.swift; path = Bearer.swift; sourceTree = "<group>"; };
		3FD370E9241DA82E00362590 /* User.swift */ = {isa = PBXFileReference; lastKnownFileType = sourcecode.swift; path = User.swift; sourceTree = "<group>"; };
		3FD370EB241DA86900362590 /* GigController.swift */ = {isa = PBXFileReference; lastKnownFileType = sourcecode.swift; path = GigController.swift; sourceTree = "<group>"; };
/* End PBXFileReference section */

/* Begin PBXFrameworksBuildPhase section */
		3FD370C9241DA47000362590 /* Frameworks */ = {
			isa = PBXFrameworksBuildPhase;
			buildActionMask = 2147483647;
			files = (
			);
			runOnlyForDeploymentPostprocessing = 0;
		};
/* End PBXFrameworksBuildPhase section */

/* Begin PBXGroup section */
		3FD370C3241DA47000362590 = {
			isa = PBXGroup;
			children = (
				3FD370CE241DA47000362590 /* Gigs */,
				3FD370CD241DA47000362590 /* Products */,
			);
			sourceTree = "<group>";
		};
		3FD370CD241DA47000362590 /* Products */ = {
			isa = PBXGroup;
			children = (
				3FD370CC241DA47000362590 /* Gigs.app */,
			);
			name = Products;
			sourceTree = "<group>";
		};
		3FD370CE241DA47000362590 /* Gigs */ = {
			isa = PBXGroup;
			children = (
				3FD370CF241DA47000362590 /* AppDelegate.swift */,
				3FD370D1241DA47000362590 /* SceneDelegate.swift */,
				3FD370D8241DA47400362590 /* Assets.xcassets */,
				3FD370DA241DA47400362590 /* LaunchScreen.storyboard */,
				3FD370DD241DA47400362590 /* Info.plist */,
				3FD370D5241DA47000362590 /* Main.storyboard */,
				3FD370E5241DA6DA00362590 /* LoginViewController.swift */,
				3F7AE4DC241EE4BB0002B17C /* GigDetailViewController.swift */,
				3FD370E3241DA4FB00362590 /* GigsTableViewController.swift */,
				3FD370E7241DA7F700362590 /* Bearer.swift */,
				3FD370E9241DA82E00362590 /* User.swift */,
				3FD370EB241DA86900362590 /* GigController.swift */,
			);
			path = Gigs;
			sourceTree = "<group>";
		};
/* End PBXGroup section */

/* Begin PBXNativeTarget section */
		3FD370CB241DA47000362590 /* Gigs */ = {
			isa = PBXNativeTarget;
			buildConfigurationList = 3FD370E0241DA47400362590 /* Build configuration list for PBXNativeTarget "Gigs" */;
			buildPhases = (
				3FD370C8241DA47000362590 /* Sources */,
				3FD370C9241DA47000362590 /* Frameworks */,
				3FD370CA241DA47000362590 /* Resources */,
			);
			buildRules = (
			);
			dependencies = (
			);
			name = Gigs;
			productName = Gigs;
			productReference = 3FD370CC241DA47000362590 /* Gigs.app */;
			productType = "com.apple.product-type.application";
		};
/* End PBXNativeTarget section */

/* Begin PBXProject section */
		3FD370C4241DA47000362590 /* Project object */ = {
			isa = PBXProject;
			attributes = {
				LastSwiftUpdateCheck = 1130;
				LastUpgradeCheck = 1130;
				ORGANIZATIONNAME = thewire;
				TargetAttributes = {
					3FD370CB241DA47000362590 = {
						CreatedOnToolsVersion = 11.3.1;
					};
				};
			};
			buildConfigurationList = 3FD370C7241DA47000362590 /* Build configuration list for PBXProject "Gigs" */;
			compatibilityVersion = "Xcode 9.3";
			developmentRegion = en;
			hasScannedForEncodings = 0;
			knownRegions = (
				en,
				Base,
			);
			mainGroup = 3FD370C3241DA47000362590;
			productRefGroup = 3FD370CD241DA47000362590 /* Products */;
			projectDirPath = "";
			projectRoot = "";
			targets = (
				3FD370CB241DA47000362590 /* Gigs */,
			);
		};
/* End PBXProject section */

/* Begin PBXResourcesBuildPhase section */
		3FD370CA241DA47000362590 /* Resources */ = {
			isa = PBXResourcesBuildPhase;
			buildActionMask = 2147483647;
			files = (
				3FD370DC241DA47400362590 /* LaunchScreen.storyboard in Resources */,
				3FD370D9241DA47400362590 /* Assets.xcassets in Resources */,
				3FD370D7241DA47000362590 /* Main.storyboard in Resources */,
			);
			runOnlyForDeploymentPostprocessing = 0;
		};
/* End PBXResourcesBuildPhase section */

/* Begin PBXSourcesBuildPhase section */
		3FD370C8241DA47000362590 /* Sources */ = {
			isa = PBXSourcesBuildPhase;
			buildActionMask = 2147483647;
			files = (
				3FD370E8241DA7F700362590 /* Bearer.swift in Sources */,
				3F7AE4DD241EE4BB0002B17C /* GigDetailViewController.swift in Sources */,
				3FD370EC241DA86900362590 /* GigController.swift in Sources */,
				3FD370E6241DA6DA00362590 /* LoginViewController.swift in Sources */,
				3FD370EA241DA82E00362590 /* User.swift in Sources */,
				3FD370D0241DA47000362590 /* AppDelegate.swift in Sources */,
				3FD370D2241DA47000362590 /* SceneDelegate.swift in Sources */,
				3FD370E4241DA4FB00362590 /* GigsTableViewController.swift in Sources */,
			);
			runOnlyForDeploymentPostprocessing = 0;
		};
/* End PBXSourcesBuildPhase section */

/* Begin PBXVariantGroup section */
		3FD370D5241DA47000362590 /* Main.storyboard */ = {
			isa = PBXVariantGroup;
			children = (
				3FD370D6241DA47000362590 /* Base */,
			);
			name = Main.storyboard;
			sourceTree = "<group>";
		};
		3FD370DA241DA47400362590 /* LaunchScreen.storyboard */ = {
			isa = PBXVariantGroup;
			children = (
				3FD370DB241DA47400362590 /* Base */,
			);
			name = LaunchScreen.storyboard;
			sourceTree = "<group>";
		};
/* End PBXVariantGroup section */

/* Begin XCBuildConfiguration section */
		3FD370DE241DA47400362590 /* Debug */ = {
			isa = XCBuildConfiguration;
			buildSettings = {
				ALWAYS_SEARCH_USER_PATHS = NO;
				CLANG_ANALYZER_NONNULL = YES;
				CLANG_ANALYZER_NUMBER_OBJECT_CONVERSION = YES_AGGRESSIVE;
				CLANG_CXX_LANGUAGE_STANDARD = "gnu++14";
				CLANG_CXX_LIBRARY = "libc++";
				CLANG_ENABLE_MODULES = YES;
				CLANG_ENABLE_OBJC_ARC = YES;
				CLANG_ENABLE_OBJC_WEAK = YES;
				CLANG_WARN_BLOCK_CAPTURE_AUTORELEASING = YES;
				CLANG_WARN_BOOL_CONVERSION = YES;
				CLANG_WARN_COMMA = YES;
				CLANG_WARN_CONSTANT_CONVERSION = YES;
				CLANG_WARN_DEPRECATED_OBJC_IMPLEMENTATIONS = YES;
				CLANG_WARN_DIRECT_OBJC_ISA_USAGE = YES_ERROR;
				CLANG_WARN_DOCUMENTATION_COMMENTS = YES;
				CLANG_WARN_EMPTY_BODY = YES;
				CLANG_WARN_ENUM_CONVERSION = YES;
				CLANG_WARN_INFINITE_RECURSION = YES;
				CLANG_WARN_INT_CONVERSION = YES;
				CLANG_WARN_NON_LITERAL_NULL_CONVERSION = YES;
				CLANG_WARN_OBJC_IMPLICIT_RETAIN_SELF = YES;
				CLANG_WARN_OBJC_LITERAL_CONVERSION = YES;
				CLANG_WARN_OBJC_ROOT_CLASS = YES_ERROR;
				CLANG_WARN_RANGE_LOOP_ANALYSIS = YES;
				CLANG_WARN_STRICT_PROTOTYPES = YES;
				CLANG_WARN_SUSPICIOUS_MOVE = YES;
				CLANG_WARN_UNGUARDED_AVAILABILITY = YES_AGGRESSIVE;
				CLANG_WARN_UNREACHABLE_CODE = YES;
				CLANG_WARN__DUPLICATE_METHOD_MATCH = YES;
				COPY_PHASE_STRIP = NO;
				DEBUG_INFORMATION_FORMAT = dwarf;
				ENABLE_STRICT_OBJC_MSGSEND = YES;
				ENABLE_TESTABILITY = YES;
				GCC_C_LANGUAGE_STANDARD = gnu11;
				GCC_DYNAMIC_NO_PIC = NO;
				GCC_NO_COMMON_BLOCKS = YES;
				GCC_OPTIMIZATION_LEVEL = 0;
				GCC_PREPROCESSOR_DEFINITIONS = (
					"DEBUG=1",
					"$(inherited)",
				);
				GCC_WARN_64_TO_32_BIT_CONVERSION = YES;
				GCC_WARN_ABOUT_RETURN_TYPE = YES_ERROR;
				GCC_WARN_UNDECLARED_SELECTOR = YES;
				GCC_WARN_UNINITIALIZED_AUTOS = YES_AGGRESSIVE;
				GCC_WARN_UNUSED_FUNCTION = YES;
				GCC_WARN_UNUSED_VARIABLE = YES;
				IPHONEOS_DEPLOYMENT_TARGET = 13.2;
				MTL_ENABLE_DEBUG_INFO = INCLUDE_SOURCE;
				MTL_FAST_MATH = YES;
				ONLY_ACTIVE_ARCH = YES;
				SDKROOT = iphoneos;
				SWIFT_ACTIVE_COMPILATION_CONDITIONS = DEBUG;
				SWIFT_OPTIMIZATION_LEVEL = "-Onone";
			};
			name = Debug;
		};
		3FD370DF241DA47400362590 /* Release */ = {
			isa = XCBuildConfiguration;
			buildSettings = {
				ALWAYS_SEARCH_USER_PATHS = NO;
				CLANG_ANALYZER_NONNULL = YES;
				CLANG_ANALYZER_NUMBER_OBJECT_CONVERSION = YES_AGGRESSIVE;
				CLANG_CXX_LANGUAGE_STANDARD = "gnu++14";
				CLANG_CXX_LIBRARY = "libc++";
				CLANG_ENABLE_MODULES = YES;
				CLANG_ENABLE_OBJC_ARC = YES;
				CLANG_ENABLE_OBJC_WEAK = YES;
				CLANG_WARN_BLOCK_CAPTURE_AUTORELEASING = YES;
				CLANG_WARN_BOOL_CONVERSION = YES;
				CLANG_WARN_COMMA = YES;
				CLANG_WARN_CONSTANT_CONVERSION = YES;
				CLANG_WARN_DEPRECATED_OBJC_IMPLEMENTATIONS = YES;
				CLANG_WARN_DIRECT_OBJC_ISA_USAGE = YES_ERROR;
				CLANG_WARN_DOCUMENTATION_COMMENTS = YES;
				CLANG_WARN_EMPTY_BODY = YES;
				CLANG_WARN_ENUM_CONVERSION = YES;
				CLANG_WARN_INFINITE_RECURSION = YES;
				CLANG_WARN_INT_CONVERSION = YES;
				CLANG_WARN_NON_LITERAL_NULL_CONVERSION = YES;
				CLANG_WARN_OBJC_IMPLICIT_RETAIN_SELF = YES;
				CLANG_WARN_OBJC_LITERAL_CONVERSION = YES;
				CLANG_WARN_OBJC_ROOT_CLASS = YES_ERROR;
				CLANG_WARN_RANGE_LOOP_ANALYSIS = YES;
				CLANG_WARN_STRICT_PROTOTYPES = YES;
				CLANG_WARN_SUSPICIOUS_MOVE = YES;
				CLANG_WARN_UNGUARDED_AVAILABILITY = YES_AGGRESSIVE;
				CLANG_WARN_UNREACHABLE_CODE = YES;
				CLANG_WARN__DUPLICATE_METHOD_MATCH = YES;
				COPY_PHASE_STRIP = NO;
				DEBUG_INFORMATION_FORMAT = "dwarf-with-dsym";
				ENABLE_NS_ASSERTIONS = NO;
				ENABLE_STRICT_OBJC_MSGSEND = YES;
				GCC_C_LANGUAGE_STANDARD = gnu11;
				GCC_NO_COMMON_BLOCKS = YES;
				GCC_WARN_64_TO_32_BIT_CONVERSION = YES;
				GCC_WARN_ABOUT_RETURN_TYPE = YES_ERROR;
				GCC_WARN_UNDECLARED_SELECTOR = YES;
				GCC_WARN_UNINITIALIZED_AUTOS = YES_AGGRESSIVE;
				GCC_WARN_UNUSED_FUNCTION = YES;
				GCC_WARN_UNUSED_VARIABLE = YES;
				IPHONEOS_DEPLOYMENT_TARGET = 13.2;
				MTL_ENABLE_DEBUG_INFO = NO;
				MTL_FAST_MATH = YES;
				SDKROOT = iphoneos;
				SWIFT_COMPILATION_MODE = wholemodule;
				SWIFT_OPTIMIZATION_LEVEL = "-O";
				VALIDATE_PRODUCT = YES;
			};
			name = Release;
		};
		3FD370E1241DA47400362590 /* Debug */ = {
			isa = XCBuildConfiguration;
			buildSettings = {
				ASSETCATALOG_COMPILER_APPICON_NAME = AppIcon;
				CODE_SIGN_STYLE = Automatic;
				INFOPLIST_FILE = Gigs/Info.plist;
				LD_RUNPATH_SEARCH_PATHS = (
					"$(inherited)",
					"@executable_path/Frameworks",
				);
				PRODUCT_BUNDLE_IDENTIFIER = com.example.Gigs;
				PRODUCT_NAME = "$(TARGET_NAME)";
				SWIFT_VERSION = 5.0;
				TARGETED_DEVICE_FAMILY = "1,2";
			};
			name = Debug;
		};
		3FD370E2241DA47400362590 /* Release */ = {
			isa = XCBuildConfiguration;
			buildSettings = {
				ASSETCATALOG_COMPILER_APPICON_NAME = AppIcon;
				CODE_SIGN_STYLE = Automatic;
				INFOPLIST_FILE = Gigs/Info.plist;
				LD_RUNPATH_SEARCH_PATHS = (
					"$(inherited)",
					"@executable_path/Frameworks",
				);
				PRODUCT_BUNDLE_IDENTIFIER = com.example.Gigs;
				PRODUCT_NAME = "$(TARGET_NAME)";
				SWIFT_VERSION = 5.0;
				TARGETED_DEVICE_FAMILY = "1,2";
			};
			name = Release;
		};
/* End XCBuildConfiguration section */

/* Begin XCConfigurationList section */
		3FD370C7241DA47000362590 /* Build configuration list for PBXProject "Gigs" */ = {
			isa = XCConfigurationList;
			buildConfigurations = (
				3FD370DE241DA47400362590 /* Debug */,
				3FD370DF241DA47400362590 /* Release */,
			);
			defaultConfigurationIsVisible = 0;
			defaultConfigurationName = Release;
		};
		3FD370E0241DA47400362590 /* Build configuration list for PBXNativeTarget "Gigs" */ = {
			isa = XCConfigurationList;
			buildConfigurations = (
				3FD370E1241DA47400362590 /* Debug */,
				3FD370E2241DA47400362590 /* Release */,
			);
			defaultConfigurationIsVisible = 0;
			defaultConfigurationName = Release;
		};
/* End XCConfigurationList section */
	};
	rootObject = 3FD370C4241DA47000362590 /* Project object */;
}
